<?xml version="1.0" encoding="UTF-8"?>
<Scheme
   LastUpgradeVersion = "1170"
   version = "1.3">
   <BuildAction
      parallelizeBuildables = "YES"
      buildImplicitDependencies = "YES">
      <BuildActionEntries>
         <BuildActionEntry
            buildForTesting = "YES"
            buildForRunning = "YES"
            buildForProfiling = "YES"
            buildForArchiving = "YES"
            buildForAnalyzing = "YES">
            <BuildableReference
               BuildableIdentifier = "primary"
               BlueprintIdentifier = "2878BDA725045C9300CA3CA7"
               BuildableName = "vivtool"
               BlueprintName = "vivtool"
               ReferencedContainer = "container:vivian.xcodeproj">
            </BuildableReference>
         </BuildActionEntry>
         <BuildActionEntry
            buildForTesting = "YES"
            buildForRunning = "NO"
            buildForProfiling = "NO"
            buildForArchiving = "NO"
            buildForAnalyzing = "NO">
            <BuildableReference
               BuildableIdentifier = "primary"
               BlueprintIdentifier = "2828CD5F250E3E31008894BA"
               BuildableName = "vivtoolTests.xctest"
               BlueprintName = "vivtoolTests"
               ReferencedContainer = "container:vivian.xcodeproj">
            </BuildableReference>
         </BuildActionEntry>
      </BuildActionEntries>
   </BuildAction>
   <TestAction
      buildConfiguration = "Debug"
      selectedDebuggerIdentifier = "Xcode.DebuggerFoundation.Debugger.LLDB"
      selectedLauncherIdentifier = "Xcode.DebuggerFoundation.Launcher.LLDB"
      shouldUseLaunchSchemeArgsEnv = "NO"
      enableAddressSanitizer = "YES"
      enableASanStackUseAfterReturn = "YES"
      enableUBSanitizer = "YES"
      language = "en"
      region = "US">
      <EnvironmentVariables>
         <EnvironmentVariable
            key = "TZ"
            value = "UTC"
            isEnabled = "YES">
         </EnvironmentVariable>
      </EnvironmentVariables>
      <Testables>
         <TestableReference
            skipped = "NO">
            <BuildableReference
               BuildableIdentifier = "primary"
               BlueprintIdentifier = "2828CD5F250E3E31008894BA"
               BuildableName = "vivtoolTests.xctest"
               BlueprintName = "vivtoolTests"
               ReferencedContainer = "container:vivian.xcodeproj">
            </BuildableReference>
         </TestableReference>
         <TestableReference
            skipped = "NO">
            <BuildableReference
               BuildableIdentifier = "primary"
               BlueprintIdentifier = "287F4E89246FEB1500640033"
               BuildableName = "vivTests.xctest"
               BlueprintName = "vivTests"
               ReferencedContainer = "container:vivian.xcodeproj">
            </BuildableReference>
         </TestableReference>
      </Testables>
   </TestAction>
   <LaunchAction
      buildConfiguration = "Debug"
      selectedDebuggerIdentifier = "Xcode.DebuggerFoundation.Debugger.LLDB"
      selectedLauncherIdentifier = "Xcode.DebuggerFoundation.Launcher.LLDB"
      enableThreadSanitizer = "YES"
      enableUBSanitizer = "YES"
      launchStyle = "0"
      useCustomWorkingDirectory = "NO"
      ignoresPersistentStateOnLaunch = "NO"
      debugDocumentVersioning = "YES"
      debugServiceExtension = "internal"
      allowLocationSimulation = "YES">
      <BuildableProductRunnable
         runnableDebuggingMode = "0">
         <BuildableReference
            BuildableIdentifier = "primary"
            BlueprintIdentifier = "2878BDA725045C9300CA3CA7"
            BuildableName = "vivtool"
            BlueprintName = "vivtool"
            ReferencedContainer = "container:vivian.xcodeproj">
         </BuildableReference>
      </BuildableProductRunnable>
      <CommandLineArguments>
         <CommandLineArgument
            argument = "help"
            isEnabled = "NO">
         </CommandLineArgument>
         <CommandLineArgument
            argument = "ls"
            isEnabled = "YES">
         </CommandLineArgument>
         <CommandLineArgument
            argument = "-l"
            isEnabled = "YES">
         </CommandLineArgument>
         <CommandLineArgument
            argument = "-h"
            isEnabled = "NO">
         </CommandLineArgument>
         <CommandLineArgument
            argument = "cp"
            isEnabled = "NO">
         </CommandLineArgument>
         <CommandLineArgument
            argument = "-v"
            isEnabled = "YES">
         </CommandLineArgument>
         <CommandLineArgument
            argument = "rm"
            isEnabled = "NO">
         </CommandLineArgument>
         <CommandLineArgument
            argument = "0020.fit"
            isEnabled = "NO">
         </CommandLineArgument>
         <CommandLineArgument
            argument = "/tmp"
            isEnabled = "NO">
         </CommandLineArgument>
         <CommandLineArgument
            argument = "--uuid"
            isEnabled = "NO">
         </CommandLineArgument>
         <CommandLineArgument
            argument = "BA681C0A-D4F5-4A06-B763-9E44D7C97B08"
            isEnabled = "NO">
         </CommandLineArgument>
      </CommandLineArguments>
   </LaunchAction>
   <ProfileAction
      buildConfiguration = "Release"
      shouldUseLaunchSchemeArgsEnv = "YES"
      savedToolIdentifier = ""
      useCustomWorkingDirectory = "NO"
      debugDocumentVersioning = "YES">
      <BuildableProductRunnable
         runnableDebuggingMode = "0">
         <BuildableReference
            BuildableIdentifier = "primary"
            BlueprintIdentifier = "2878BDA725045C9300CA3CA7"
            BuildableName = "vivtool"
            BlueprintName = "vivtool"
            ReferencedContainer = "container:vivian.xcodeproj">
         </BuildableReference>
      </BuildableProductRunnable>
   </ProfileAction>
   <AnalyzeAction
      buildConfiguration = "Debug">
   </AnalyzeAction>
   <ArchiveAction
      buildConfiguration = "Release"
      revealArchiveInOrganizer = "YES">
   </ArchiveAction>
</Scheme>
