// !$*UTF8*$!
{
	archiveVersion = 1;
	classes = {
	};
	objectVersion = 52;
	objects = {

/* Begin PBXBuildFile section */
		2828CD5A250DC8E4008894BA /* Passthrough.swift in Sources */ = {isa = PBXBuildFile; fileRef = 2828CD59250DC8E4008894BA /* Passthrough.swift */; };
		284F9931247BA2FE00622114 /* BurstTests.mm in Sources */ = {isa = PBXBuildFile; fileRef = 284F9930247BA2FE00622114 /* BurstTests.mm */; };
		2878BDAB25045C9300CA3CA7 /* main.swift in Sources */ = {isa = PBXBuildFile; fileRef = 2878BDAA25045C9300CA3CA7 /* main.swift */; };
		2878BDB02504769900CA3CA7 /* manager_objc_bridge.mm in Sources */ = {isa = PBXBuildFile; fileRef = 2878BDAF2504769900CA3CA7 /* manager_objc_bridge.mm */; };
		2878BDB32505021600CA3CA7 /* ManagerObjcBridgeTests.m in Sources */ = {isa = PBXBuildFile; fileRef = 2878BDB22505021600CA3CA7 /* ManagerObjcBridgeTests.m */; };
		2878BDBB25079B8900CA3CA7 /* State.swift in Sources */ = {isa = PBXBuildFile; fileRef = 2878BDBA25079B8900CA3CA7 /* State.swift */; };
		2878BDBD25079B9C00CA3CA7 /* Store.swift in Sources */ = {isa = PBXBuildFile; fileRef = 2878BDBC25079B9C00CA3CA7 /* Store.swift */; };
		2878BDBF25079BE500CA3CA7 /* TerminalManager.swift in Sources */ = {isa = PBXBuildFile; fileRef = 2878BDBE25079BE500CA3CA7 /* TerminalManager.swift */; };
		2878BDC62507B0B500CA3CA7 /* ArgumentParser in Frameworks */ = {isa = PBXBuildFile; productRef = 2878BDC52507B0B500CA3CA7 /* ArgumentParser */; };
		2878BDCB2507C0A500CA3CA7 /* CoreBluetooth.framework in Frameworks */ = {isa = PBXBuildFile; fileRef = 28D3A8662485005200F8222E /* CoreBluetooth.framework */; };
		2878BDCD2507C14400CA3CA7 /* BluetoothManager.swift in Sources */ = {isa = PBXBuildFile; fileRef = 2878BDCC2507C14400CA3CA7 /* BluetoothManager.swift */; };
		287F4EA72470155D00640033 /* packet.cpp in Sources */ = {isa = PBXBuildFile; fileRef = 287F4E80246FCF0500640033 /* packet.cpp */; };
		287F4EA82470155D00640033 /* crc.cpp in Sources */ = {isa = PBXBuildFile; fileRef = 287F4E82246FD87200640033 /* crc.cpp */; };
		287F4EAC24701F8E00640033 /* libviv.a in Frameworks */ = {isa = PBXBuildFile; fileRef = 287F4E9A247014C900640033 /* libviv.a */; };
		28B22780248B7AD70074C4AE /* command.cpp in Sources */ = {isa = PBXBuildFile; fileRef = 28B2277F248B7AD70074C4AE /* command.cpp */; };
		28B724E42508A98400325C2A /* Bluetooth.swift in Sources */ = {isa = PBXBuildFile; fileRef = 28B724E32508A98400325C2A /* Bluetooth.swift */; };
		28B724E9250AE78D00325C2A /* libviv.a in Frameworks */ = {isa = PBXBuildFile; fileRef = 287F4E9A247014C900640033 /* libviv.a */; };
		28B724EE250AEA2F00325C2A /* VivManager.swift in Sources */ = {isa = PBXBuildFile; fileRef = 28B724ED250AEA2F00325C2A /* VivManager.swift */; };
		28B724FB250B1A7D00325C2A /* libc++.tbd in Frameworks */ = {isa = PBXBuildFile; fileRef = 28FAA8D72470A39D0058CD70 /* libc++.tbd */; };
		28CA81382477BA2100A27436 /* raw_directory.cpp in Sources */ = {isa = PBXBuildFile; fileRef = 28CA81372477BA2100A27436 /* raw_directory.cpp */; };
		28CA813F2477DA4100A27436 /* time.cpp in Sources */ = {isa = PBXBuildFile; fileRef = 28CA813D2477DA4100A27436 /* time.cpp */; };
		28CA81422478004200A27436 /* directory.cpp in Sources */ = {isa = PBXBuildFile; fileRef = 28CA81412478004200A27436 /* directory.cpp */; };
		28CA81472478EF4E00A27436 /* manager_c_bridge.cpp in Sources */ = {isa = PBXBuildFile; fileRef = 28CA81452478EF4E00A27436 /* manager_c_bridge.cpp */; };
		28CA814C2479D13400A27436 /* manager.cpp in Sources */ = {isa = PBXBuildFile; fileRef = 28CA814A2479D13400A27436 /* manager.cpp */; };
		28CA81522479E2CE00A27436 /* CrcTests.mm in Sources */ = {isa = PBXBuildFile; fileRef = 28CA81512479E2CE00A27436 /* CrcTests.mm */; };
		28CA81582479FAF000A27436 /* TimeTests.m in Sources */ = {isa = PBXBuildFile; fileRef = 28CA81572479FAF000A27436 /* TimeTests.m */; };
		28CA815A247A021A00A27436 /* PacketTests.m in Sources */ = {isa = PBXBuildFile; fileRef = 28CA8159247A021A00A27436 /* PacketTests.m */; };
		28CA815C247A145700A27436 /* RawDirectoryTests.m in Sources */ = {isa = PBXBuildFile; fileRef = 28CA815B247A145700A27436 /* RawDirectoryTests.m */; };
		28CA8160247A34FA00A27436 /* DownloadCommandTests.mm in Sources */ = {isa = PBXBuildFile; fileRef = 28CA815F247A34FA00A27436 /* DownloadCommandTests.mm */; };
		28CA8164247A454200A27436 /* set_time_command.cpp in Sources */ = {isa = PBXBuildFile; fileRef = 28CA812C24776CE600A27436 /* set_time_command.cpp */; };
		28CA8165247A454200A27436 /* set_time_command.hpp in Headers */ = {isa = PBXBuildFile; fileRef = 28CA812D24776CE600A27436 /* set_time_command.hpp */; };
		28CA8166247A596B00A27436 /* erase_command.cpp in Sources */ = {isa = PBXBuildFile; fileRef = 28FAA8DD24713C890058CD70 /* erase_command.cpp */; };
		28CA8167247A596F00A27436 /* erase_command.hpp in Headers */ = {isa = PBXBuildFile; fileRef = 28FAA8DE24713C890058CD70 /* erase_command.hpp */; };
		28CA8169247A625800A27436 /* EraseCommandTests.mm in Sources */ = {isa = PBXBuildFile; fileRef = 28CA8168247A625800A27436 /* EraseCommandTests.mm */; };
		28CA816B247A656E00A27436 /* SetTimeCommandTests.mm in Sources */ = {isa = PBXBuildFile; fileRef = 28CA816A247A656E00A27436 /* SetTimeCommandTests.mm */; };
		28CA816D247A67F900A27436 /* ManagerBridgeTests.swift in Sources */ = {isa = PBXBuildFile; fileRef = 28CA816C247A67F900A27436 /* ManagerBridgeTests.swift */; };
		28CB8B90247DF0EF009B8187 /* directory_entry.h in Headers */ = {isa = PBXBuildFile; fileRef = 28CB8B8F247DF0EF009B8187 /* directory_entry.h */; };
		28FAA8D82470A39D0058CD70 /* libc++.tbd in Frameworks */ = {isa = PBXBuildFile; fileRef = 28FAA8D72470A39D0058CD70 /* libc++.tbd */; };
		28FAA8E72473E5270058CD70 /* download_command.cpp in Sources */ = {isa = PBXBuildFile; fileRef = 28FAA8E52473E5270058CD70 /* download_command.cpp */; };
		28FAA8EA2473EAE90058CD70 /* burst.cpp in Sources */ = {isa = PBXBuildFile; fileRef = 28FAA8E82473EAE90058CD70 /* burst.cpp */; };
/* End PBXBuildFile section */

/* Begin PBXContainerItemProxy section */
		2878BDB52507966400CA3CA7 /* PBXContainerItemProxy */ = {
			isa = PBXContainerItemProxy;
			containerPortal = 287F4E36246F964B00640033 /* Project object */;
			proxyType = 1;
			remoteGlobalIDString = 287F4E99247014C900640033;
			remoteInfo = viv;
		};
/* End PBXContainerItemProxy section */

/* Begin PBXCopyFilesBuildPhase section */
		2878BDA625045C9300CA3CA7 /* CopyFiles */ = {
			isa = PBXCopyFilesBuildPhase;
			buildActionMask = 2147483647;
			dstPath = /usr/share/man/man1/;
			dstSubfolderSpec = 0;
			files = (
			);
			runOnlyForDeploymentPostprocessing = 1;
		};
/* End PBXCopyFilesBuildPhase section */

/* Begin PBXFileReference section */
		2828CD58250DB437008894BA /* README.md */ = {isa = PBXFileReference; lastKnownFileType = net.daringfireball.markdown; path = README.md; sourceTree = "<group>"; };
		2828CD59250DC8E4008894BA /* Passthrough.swift */ = {isa = PBXFileReference; lastKnownFileType = sourcecode.swift; path = Passthrough.swift; sourceTree = "<group>"; };
		284F9930247BA2FE00622114 /* BurstTests.mm */ = {isa = PBXFileReference; lastKnownFileType = sourcecode.cpp.objcpp; path = BurstTests.mm; sourceTree = "<group>"; };
		2878BDA825045C9300CA3CA7 /* vivtool */ = {isa = PBXFileReference; explicitFileType = "compiled.mach-o.executable"; includeInIndex = 0; path = vivtool; sourceTree = BUILT_PRODUCTS_DIR; };
		2878BDAA25045C9300CA3CA7 /* main.swift */ = {isa = PBXFileReference; lastKnownFileType = sourcecode.swift; path = main.swift; sourceTree = "<group>"; };
		2878BDAF2504769900CA3CA7 /* manager_objc_bridge.mm */ = {isa = PBXFileReference; lastKnownFileType = sourcecode.cpp.objcpp; path = manager_objc_bridge.mm; sourceTree = "<group>"; };
		2878BDB1250476E000CA3CA7 /* manager_objc_bridge.h */ = {isa = PBXFileReference; lastKnownFileType = sourcecode.c.h; path = manager_objc_bridge.h; sourceTree = "<group>"; };
		2878BDB22505021600CA3CA7 /* ManagerObjcBridgeTests.m */ = {isa = PBXFileReference; lastKnownFileType = sourcecode.c.objc; path = ManagerObjcBridgeTests.m; sourceTree = "<group>"; };
		2878BDB42505A6C800CA3CA7 /* manager_error_code.h */ = {isa = PBXFileReference; lastKnownFileType = sourcecode.c.h; path = manager_error_code.h; sourceTree = "<group>"; };
		2878BDB7250796AD00CA3CA7 /* vivtool-Bridging-Header.h */ = {isa = PBXFileReference; lastKnownFileType = sourcecode.c.h; path = "vivtool-Bridging-Header.h"; sourceTree = "<group>"; };
		2878BDBA25079B8900CA3CA7 /* State.swift */ = {isa = PBXFileReference; lastKnownFileType = sourcecode.swift; path = State.swift; sourceTree = "<group>"; };
		2878BDBC25079B9C00CA3CA7 /* Store.swift */ = {isa = PBXFileReference; lastKnownFileType = sourcecode.swift; path = Store.swift; sourceTree = "<group>"; };
		2878BDBE25079BE500CA3CA7 /* TerminalManager.swift */ = {isa = PBXFileReference; lastKnownFileType = sourcecode.swift; path = TerminalManager.swift; sourceTree = "<group>"; };
		2878BDCC2507C14400CA3CA7 /* BluetoothManager.swift */ = {isa = PBXFileReference; lastKnownFileType = sourcecode.swift; path = BluetoothManager.swift; sourceTree = "<group>"; };
		287F4E79246F99E600640033 /* README.md */ = {isa = PBXFileReference; lastKnownFileType = net.daringfireball.markdown; path = README.md; sourceTree = "<group>"; };
		287F4E7A246F9C8E00640033 /* packet.h */ = {isa = PBXFileReference; lastKnownFileType = sourcecode.c.h; path = packet.h; sourceTree = "<group>"; };
		287F4E7E246FC37600640033 /* endian.hpp */ = {isa = PBXFileReference; lastKnownFileType = sourcecode.cpp.h; path = endian.hpp; sourceTree = "<group>"; };
		287F4E80246FCF0500640033 /* packet.cpp */ = {isa = PBXFileReference; lastKnownFileType = sourcecode.cpp.cpp; path = packet.cpp; sourceTree = "<group>"; };
		287F4E82246FD87200640033 /* crc.cpp */ = {isa = PBXFileReference; lastKnownFileType = sourcecode.cpp.cpp; path = crc.cpp; sourceTree = "<group>"; };
		287F4E83246FD87200640033 /* crc.hpp */ = {isa = PBXFileReference; lastKnownFileType = sourcecode.cpp.h; path = crc.hpp; sourceTree = "<group>"; };
		287F4E8A246FEB1500640033 /* vivTests.xctest */ = {isa = PBXFileReference; explicitFileType = wrapper.cfbundle; includeInIndex = 0; path = vivTests.xctest; sourceTree = BUILT_PRODUCTS_DIR; };
		287F4E9A247014C900640033 /* libviv.a */ = {isa = PBXFileReference; explicitFileType = archive.ar; includeInIndex = 0; path = libviv.a; sourceTree = BUILT_PRODUCTS_DIR; };
		28B2277F248B7AD70074C4AE /* command.cpp */ = {isa = PBXFileReference; fileEncoding = 4; lastKnownFileType = sourcecode.cpp.cpp; path = command.cpp; sourceTree = "<group>"; };
		28B724E32508A98400325C2A /* Bluetooth.swift */ = {isa = PBXFileReference; lastKnownFileType = sourcecode.swift; path = Bluetooth.swift; sourceTree = "<group>"; };
		28B724EC250AE7AE00325C2A /* README.md */ = {isa = PBXFileReference; lastKnownFileType = net.daringfireball.markdown; path = README.md; sourceTree = "<group>"; };
		28B724ED250AEA2F00325C2A /* VivManager.swift */ = {isa = PBXFileReference; lastKnownFileType = sourcecode.swift; path = VivManager.swift; sourceTree = "<group>"; };
		28CA81262476038900A27436 /* compat.h */ = {isa = PBXFileReference; lastKnownFileType = sourcecode.c.h; path = compat.h; sourceTree = "<group>"; };
		28CA812C24776CE600A27436 /* set_time_command.cpp */ = {isa = PBXFileReference; lastKnownFileType = sourcecode.cpp.cpp; path = set_time_command.cpp; sourceTree = "<group>"; };
		28CA812D24776CE600A27436 /* set_time_command.hpp */ = {isa = PBXFileReference; lastKnownFileType = sourcecode.cpp.h; path = set_time_command.hpp; sourceTree = "<group>"; };
		28CA81352477986300A27436 /* raw_directory.h */ = {isa = PBXFileReference; lastKnownFileType = sourcecode.c.h; path = raw_directory.h; sourceTree = "<group>"; };
		28CA81372477BA2100A27436 /* raw_directory.cpp */ = {isa = PBXFileReference; lastKnownFileType = sourcecode.cpp.cpp; path = raw_directory.cpp; sourceTree = "<group>"; };
		28CA813A2477CB2400A27436 /* directory.hpp */ = {isa = PBXFileReference; lastKnownFileType = sourcecode.cpp.h; path = directory.hpp; sourceTree = "<group>"; };
		28CA813D2477DA4100A27436 /* time.cpp */ = {isa = PBXFileReference; lastKnownFileType = sourcecode.cpp.cpp; path = time.cpp; sourceTree = "<group>"; };
		28CA813E2477DA4100A27436 /* time.h */ = {isa = PBXFileReference; lastKnownFileType = sourcecode.c.h; path = time.h; sourceTree = "<group>"; };
		28CA81412478004200A27436 /* directory.cpp */ = {isa = PBXFileReference; lastKnownFileType = sourcecode.cpp.cpp; path = directory.cpp; sourceTree = "<group>"; };
		28CA81452478EF4E00A27436 /* manager_c_bridge.cpp */ = {isa = PBXFileReference; lastKnownFileType = sourcecode.cpp.cpp; path = manager_c_bridge.cpp; sourceTree = "<group>"; };
		28CA81462478EF4E00A27436 /* manager_c_bridge.h */ = {isa = PBXFileReference; lastKnownFileType = sourcecode.c.h; path = manager_c_bridge.h; sourceTree = "<group>"; };
		28CA814A2479D13400A27436 /* manager.cpp */ = {isa = PBXFileReference; lastKnownFileType = sourcecode.cpp.cpp; path = manager.cpp; sourceTree = "<group>"; };
		28CA814B2479D13400A27436 /* manager.hpp */ = {isa = PBXFileReference; lastKnownFileType = sourcecode.cpp.h; path = manager.hpp; sourceTree = "<group>"; };
		28CA81512479E2CE00A27436 /* CrcTests.mm */ = {isa = PBXFileReference; lastKnownFileType = sourcecode.cpp.objcpp; path = CrcTests.mm; sourceTree = "<group>"; };
		28CA81542479F6F800A27436 /* command.hpp */ = {isa = PBXFileReference; lastKnownFileType = sourcecode.cpp.h; path = command.hpp; sourceTree = "<group>"; };
		28CA81572479FAF000A27436 /* TimeTests.m */ = {isa = PBXFileReference; lastKnownFileType = sourcecode.c.objc; path = TimeTests.m; sourceTree = "<group>"; };
		28CA8159247A021A00A27436 /* PacketTests.m */ = {isa = PBXFileReference; lastKnownFileType = sourcecode.c.objc; path = PacketTests.m; sourceTree = "<group>"; };
		28CA815B247A145700A27436 /* RawDirectoryTests.m */ = {isa = PBXFileReference; lastKnownFileType = sourcecode.c.objc; path = RawDirectoryTests.m; sourceTree = "<group>"; };
		28CA815F247A34FA00A27436 /* DownloadCommandTests.mm */ = {isa = PBXFileReference; lastKnownFileType = sourcecode.cpp.objcpp; path = DownloadCommandTests.mm; sourceTree = "<group>"; };
		28CA8168247A625800A27436 /* EraseCommandTests.mm */ = {isa = PBXFileReference; lastKnownFileType = sourcecode.cpp.objcpp; path = EraseCommandTests.mm; sourceTree = "<group>"; };
		28CA816A247A656E00A27436 /* SetTimeCommandTests.mm */ = {isa = PBXFileReference; lastKnownFileType = sourcecode.cpp.objcpp; path = SetTimeCommandTests.mm; sourceTree = "<group>"; };
		28CA816C247A67F900A27436 /* ManagerBridgeTests.swift */ = {isa = PBXFileReference; lastKnownFileType = sourcecode.swift; path = ManagerBridgeTests.swift; sourceTree = "<group>"; };
		28CB8B8F247DF0EF009B8187 /* directory_entry.h */ = {isa = PBXFileReference; lastKnownFileType = sourcecode.c.h; path = directory_entry.h; sourceTree = "<group>"; };
		28D3A8642485004900F8222E /* Combine.framework */ = {isa = PBXFileReference; lastKnownFileType = wrapper.framework; name = Combine.framework; path = System/Library/Frameworks/Combine.framework; sourceTree = SDKROOT; };
		28D3A8662485005200F8222E /* CoreBluetooth.framework */ = {isa = PBXFileReference; lastKnownFileType = wrapper.framework; name = CoreBluetooth.framework; path = System/Library/Frameworks/CoreBluetooth.framework; sourceTree = SDKROOT; };
		28FAA8D424709BDA0058CD70 /* vivTests-Bridging-Header.h */ = {isa = PBXFileReference; lastKnownFileType = sourcecode.c.h; path = "vivTests-Bridging-Header.h"; sourceTree = "<group>"; };
		28FAA8D72470A39D0058CD70 /* libc++.tbd */ = {isa = PBXFileReference; lastKnownFileType = "sourcecode.text-based-dylib-definition"; name = "libc++.tbd"; path = "usr/lib/libc++.tbd"; sourceTree = SDKROOT; };
		28FAA8DD24713C890058CD70 /* erase_command.cpp */ = {isa = PBXFileReference; lastKnownFileType = sourcecode.cpp.cpp; path = erase_command.cpp; sourceTree = "<group>"; };
		28FAA8DE24713C890058CD70 /* erase_command.hpp */ = {isa = PBXFileReference; lastKnownFileType = sourcecode.cpp.h; path = erase_command.hpp; sourceTree = "<group>"; };
		28FAA8E42473E5260058CD70 /* download_command.hpp */ = {isa = PBXFileReference; fileEncoding = 4; lastKnownFileType = sourcecode.cpp.h; path = download_command.hpp; sourceTree = "<group>"; };
		28FAA8E52473E5270058CD70 /* download_command.cpp */ = {isa = PBXFileReference; fileEncoding = 4; lastKnownFileType = sourcecode.cpp.cpp; path = download_command.cpp; sourceTree = "<group>"; };
		28FAA8E82473EAE90058CD70 /* burst.cpp */ = {isa = PBXFileReference; lastKnownFileType = sourcecode.cpp.cpp; path = burst.cpp; sourceTree = "<group>"; };
		28FAA8E92473EAE90058CD70 /* burst.hpp */ = {isa = PBXFileReference; lastKnownFileType = sourcecode.cpp.h; path = burst.hpp; sourceTree = "<group>"; };
/* End PBXFileReference section */

/* Begin PBXFrameworksBuildPhase section */
		2878BDA525045C9300CA3CA7 /* Frameworks */ = {
			isa = PBXFrameworksBuildPhase;
			buildActionMask = 2147483647;
			files = (
				28B724E9250AE78D00325C2A /* libviv.a in Frameworks */,
				2878BDCB2507C0A500CA3CA7 /* CoreBluetooth.framework in Frameworks */,
				28B724FB250B1A7D00325C2A /* libc++.tbd in Frameworks */,
				2878BDC62507B0B500CA3CA7 /* ArgumentParser in Frameworks */,
			);
			runOnlyForDeploymentPostprocessing = 0;
		};
		287F4E87246FEB1500640033 /* Frameworks */ = {
			isa = PBXFrameworksBuildPhase;
			buildActionMask = 2147483647;
			files = (
				28FAA8D82470A39D0058CD70 /* libc++.tbd in Frameworks */,
				287F4EAC24701F8E00640033 /* libviv.a in Frameworks */,
			);
			runOnlyForDeploymentPostprocessing = 0;
		};
		287F4E98247014C900640033 /* Frameworks */ = {
			isa = PBXFrameworksBuildPhase;
			buildActionMask = 2147483647;
			files = (
			);
			runOnlyForDeploymentPostprocessing = 0;
		};
/* End PBXFrameworksBuildPhase section */

/* Begin PBXGroup section */
		2878BDA925045C9300CA3CA7 /* vivtool */ = {
			isa = PBXGroup;
			children = (
				28B724EC250AE7AE00325C2A /* README.md */,
				28B724FA250AFE7700325C2A /* Utilities */,
				2878BDCC2507C14400CA3CA7 /* BluetoothManager.swift */,
				2878BDBE25079BE500CA3CA7 /* TerminalManager.swift */,
				28B724ED250AEA2F00325C2A /* VivManager.swift */,
				2878BDAA25045C9300CA3CA7 /* main.swift */,
				2878BDB7250796AD00CA3CA7 /* vivtool-Bridging-Header.h */,
				2878BDBA25079B8900CA3CA7 /* State.swift */,
				2878BDBC25079B9C00CA3CA7 /* Store.swift */,
			);
			path = vivtool;
			sourceTree = "<group>";
		};
		287F4E35246F964B00640033 = {
			isa = PBXGroup;
			children = (
				287F4E79246F99E600640033 /* README.md */,
				2878BDA925045C9300CA3CA7 /* vivtool */,
				287F4EAB24701F8E00640033 /* Frameworks */,
				287F4E70246F969B00640033 /* viv */,
				287F4E3F246F964B00640033 /* Products */,
			);
			indentWidth = 2;
			sourceTree = "<group>";
			tabWidth = 2;
		};
		287F4E3F246F964B00640033 /* Products */ = {
			isa = PBXGroup;
			children = (
				287F4E8A246FEB1500640033 /* vivTests.xctest */,
				287F4E9A247014C900640033 /* libviv.a */,
				2878BDA825045C9300CA3CA7 /* vivtool */,
			);
			name = Products;
			sourceTree = "<group>";
		};
		287F4E70246F969B00640033 /* viv */ = {
			isa = PBXGroup;
			children = (
				2828CD58250DB437008894BA /* README.md */,
				28CA8163247A3F3300A27436 /* api */,
				28CA81322477907400A27436 /* private */,
				28CA81502479E29F00A27436 /* tests */,
			);
			indentWidth = 2;
			path = viv;
			sourceTree = "<group>";
			tabWidth = 2;
		};
		287F4EAB24701F8E00640033 /* Frameworks */ = {
			isa = PBXGroup;
			children = (
				28D3A8662485005200F8222E /* CoreBluetooth.framework */,
				28D3A8642485004900F8222E /* Combine.framework */,
				28FAA8D72470A39D0058CD70 /* libc++.tbd */,
			);
			name = Frameworks;
			sourceTree = "<group>";
		};
		28B724FA250AFE7700325C2A /* Utilities */ = {
			isa = PBXGroup;
			children = (
				28B724E32508A98400325C2A /* Bluetooth.swift */,
				2828CD59250DC8E4008894BA /* Passthrough.swift */,
			);
			name = Utilities;
			sourceTree = "<group>";
		};
		28CA81322477907400A27436 /* private */ = {
			isa = PBXGroup;
			children = (
				28CA8161247A34FF00A27436 /* commands */,
				28FAA8E82473EAE90058CD70 /* burst.cpp */,
				28FAA8E92473EAE90058CD70 /* burst.hpp */,
				287F4E82246FD87200640033 /* crc.cpp */,
				287F4E83246FD87200640033 /* crc.hpp */,
				28CA81412478004200A27436 /* directory.cpp */,
				28CA813A2477CB2400A27436 /* directory.hpp */,
				287F4E7E246FC37600640033 /* endian.hpp */,
				28CA814B2479D13400A27436 /* manager.hpp */,
				28CA814A2479D13400A27436 /* manager.cpp */,
				28CA81452478EF4E00A27436 /* manager_c_bridge.cpp */,
				2878BDAF2504769900CA3CA7 /* manager_objc_bridge.mm */,
				287F4E80246FCF0500640033 /* packet.cpp */,
				28CA81372477BA2100A27436 /* raw_directory.cpp */,
				28CA813D2477DA4100A27436 /* time.cpp */,
			);
			name = private;
			sourceTree = "<group>";
		};
		28CA81502479E29F00A27436 /* tests */ = {
			isa = PBXGroup;
			children = (
				28FAA8D424709BDA0058CD70 /* vivTests-Bridging-Header.h */,
				284F9930247BA2FE00622114 /* BurstTests.mm */,
				28CA81512479E2CE00A27436 /* CrcTests.mm */,
				28CA815F247A34FA00A27436 /* DownloadCommandTests.mm */,
				28CA8168247A625800A27436 /* EraseCommandTests.mm */,
				28CA816C247A67F900A27436 /* ManagerBridgeTests.swift */,
				2878BDB22505021600CA3CA7 /* ManagerObjcBridgeTests.m */,
				28CA8159247A021A00A27436 /* PacketTests.m */,
				28CA815B247A145700A27436 /* RawDirectoryTests.m */,
				28CA816A247A656E00A27436 /* SetTimeCommandTests.mm */,
				28CA81572479FAF000A27436 /* TimeTests.m */,
			);
			path = tests;
			sourceTree = "<group>";
		};
		28CA8161247A34FF00A27436 /* commands */ = {
			isa = PBXGroup;
			children = (
				28B2277F248B7AD70074C4AE /* command.cpp */,
				28CA81542479F6F800A27436 /* command.hpp */,
				28FAA8E52473E5270058CD70 /* download_command.cpp */,
				28FAA8E42473E5260058CD70 /* download_command.hpp */,
				28FAA8DD24713C890058CD70 /* erase_command.cpp */,
				28FAA8DE24713C890058CD70 /* erase_command.hpp */,
				28CA812C24776CE600A27436 /* set_time_command.cpp */,
				28CA812D24776CE600A27436 /* set_time_command.hpp */,
			);
			name = commands;
			sourceTree = "<group>";
		};
		28CA8163247A3F3300A27436 /* api */ = {
			isa = PBXGroup;
			children = (
				28CA81262476038900A27436 /* compat.h */,
				28CA81462478EF4E00A27436 /* manager_c_bridge.h */,
				2878BDB1250476E000CA3CA7 /* manager_objc_bridge.h */,
				2878BDB42505A6C800CA3CA7 /* manager_error_code.h */,
				287F4E7A246F9C8E00640033 /* packet.h */,
				28CA81352477986300A27436 /* raw_directory.h */,
				28CA813E2477DA4100A27436 /* time.h */,
				28CB8B8F247DF0EF009B8187 /* directory_entry.h */,
			);
			name = api;
			sourceTree = "<group>";
		};
/* End PBXGroup section */

/* Begin PBXHeadersBuildPhase section */
		287F4E96247014C900640033 /* Headers */ = {
			isa = PBXHeadersBuildPhase;
			buildActionMask = 2147483647;
			files = (
				28CB8B90247DF0EF009B8187 /* directory_entry.h in Headers */,
				28CA8165247A454200A27436 /* set_time_command.hpp in Headers */,
				28CA8167247A596F00A27436 /* erase_command.hpp in Headers */,
			);
			runOnlyForDeploymentPostprocessing = 0;
		};
/* End PBXHeadersBuildPhase section */

/* Begin PBXNativeTarget section */
		2878BDA725045C9300CA3CA7 /* vivtool */ = {
			isa = PBXNativeTarget;
			buildConfigurationList = 2878BDAC25045C9300CA3CA7 /* Build configuration list for PBXNativeTarget "vivtool" */;
			buildPhases = (
				2878BDA425045C9300CA3CA7 /* Sources */,
				2878BDA525045C9300CA3CA7 /* Frameworks */,
				2878BDA625045C9300CA3CA7 /* CopyFiles */,
			);
			buildRules = (
			);
			dependencies = (
				2878BDB62507966400CA3CA7 /* PBXTargetDependency */,
			);
			name = vivtool;
			packageProductDependencies = (
				2878BDC52507B0B500CA3CA7 /* ArgumentParser */,
			);
			productName = vivtool;
			productReference = 2878BDA825045C9300CA3CA7 /* vivtool */;
			productType = "com.apple.product-type.tool";
		};
		287F4E89246FEB1500640033 /* vivTests */ = {
			isa = PBXNativeTarget;
			buildConfigurationList = 287F4E92246FEB1500640033 /* Build configuration list for PBXNativeTarget "vivTests" */;
			buildPhases = (
				287F4E86246FEB1500640033 /* Sources */,
				287F4E87246FEB1500640033 /* Frameworks */,
				287F4E88246FEB1500640033 /* Resources */,
			);
			buildRules = (
			);
			dependencies = (
			);
			name = vivTests;
			productName = vivaTests;
			productReference = 287F4E8A246FEB1500640033 /* vivTests.xctest */;
			productType = "com.apple.product-type.bundle.unit-test";
		};
		287F4E99247014C900640033 /* viv */ = {
			isa = PBXNativeTarget;
			buildConfigurationList = 287F4EA2247014C900640033 /* Build configuration list for PBXNativeTarget "viv" */;
			buildPhases = (
				287F4E96247014C900640033 /* Headers */,
				287F4E97247014C900640033 /* Sources */,
				287F4E98247014C900640033 /* Frameworks */,
			);
			buildRules = (
			);
			dependencies = (
			);
			name = viv;
			productName = viva;
			productReference = 287F4E9A247014C900640033 /* libviv.a */;
			productType = "com.apple.product-type.library.static";
		};
/* End PBXNativeTarget section */

/* Begin PBXProject section */
		287F4E36246F964B00640033 /* Project object */ = {
			isa = PBXProject;
			attributes = {
				LastSwiftUpdateCheck = 1170;
				LastUpgradeCheck = 1170;
				ORGANIZATIONNAME = "";
				TargetAttributes = {
					2878BDA725045C9300CA3CA7 = {
						CreatedOnToolsVersion = 11.7;
					};
					287F4E89246FEB1500640033 = {
						CreatedOnToolsVersion = 11.3.1;
					};
					287F4E99247014C900640033 = {
						CreatedOnToolsVersion = 11.3.1;
					};
				};
			};
			buildConfigurationList = 287F4E39246F964B00640033 /* Build configuration list for PBXProject "vivian" */;
			compatibilityVersion = "Xcode 11.0";
			developmentRegion = en;
			hasScannedForEncodings = 0;
			knownRegions = (
				en,
				Base,
			);
			mainGroup = 287F4E35246F964B00640033;
			packageReferences = (
				2878BDC42507B0B500CA3CA7 /* XCRemoteSwiftPackageReference "swift-argument-parser" */,
			);
			productRefGroup = 287F4E3F246F964B00640033 /* Products */;
			projectDirPath = "";
			projectRoot = "";
			targets = (
				287F4E89246FEB1500640033 /* vivTests */,
				287F4E99247014C900640033 /* viv */,
				2878BDA725045C9300CA3CA7 /* vivtool */,
			);
		};
/* End PBXProject section */

/* Begin PBXResourcesBuildPhase section */
		287F4E88246FEB1500640033 /* Resources */ = {
			isa = PBXResourcesBuildPhase;
			buildActionMask = 2147483647;
			files = (
			);
			runOnlyForDeploymentPostprocessing = 0;
		};
/* End PBXResourcesBuildPhase section */

/* Begin PBXSourcesBuildPhase section */
		2878BDA425045C9300CA3CA7 /* Sources */ = {
			isa = PBXSourcesBuildPhase;
			buildActionMask = 2147483647;
			files = (
				2878BDAB25045C9300CA3CA7 /* main.swift in Sources */,
				28B724EE250AEA2F00325C2A /* VivManager.swift in Sources */,
				2878BDCD2507C14400CA3CA7 /* BluetoothManager.swift in Sources */,
				28B724E42508A98400325C2A /* Bluetooth.swift in Sources */,
				2878BDBB25079B8900CA3CA7 /* State.swift in Sources */,
				2878BDBF25079BE500CA3CA7 /* TerminalManager.swift in Sources */,
				2828CD5A250DC8E4008894BA /* Passthrough.swift in Sources */,
				2878BDBD25079B9C00CA3CA7 /* Store.swift in Sources */,
			);
			runOnlyForDeploymentPostprocessing = 0;
		};
		287F4E86246FEB1500640033 /* Sources */ = {
			isa = PBXSourcesBuildPhase;
			buildActionMask = 2147483647;
			files = (
				28CA816B247A656E00A27436 /* SetTimeCommandTests.mm in Sources */,
				28CA815C247A145700A27436 /* RawDirectoryTests.m in Sources */,
				28CA8160247A34FA00A27436 /* DownloadCommandTests.mm in Sources */,
				28CA816D247A67F900A27436 /* ManagerBridgeTests.swift in Sources */,
				2878BDB32505021600CA3CA7 /* ManagerObjcBridgeTests.m in Sources */,
				28CA815A247A021A00A27436 /* PacketTests.m in Sources */,
				28CA81522479E2CE00A27436 /* CrcTests.mm in Sources */,
				284F9931247BA2FE00622114 /* BurstTests.mm in Sources */,
				28CA8169247A625800A27436 /* EraseCommandTests.mm in Sources */,
				28CA81582479FAF000A27436 /* TimeTests.m in Sources */,
			);
			runOnlyForDeploymentPostprocessing = 0;
		};
		287F4E97247014C900640033 /* Sources */ = {
			isa = PBXSourcesBuildPhase;
			buildActionMask = 2147483647;
			files = (
				28CA8166247A596B00A27436 /* erase_command.cpp in Sources */,
				28CA81422478004200A27436 /* directory.cpp in Sources */,
				28FAA8E72473E5270058CD70 /* download_command.cpp in Sources */,
				28CA813F2477DA4100A27436 /* time.cpp in Sources */,
				28CA814C2479D13400A27436 /* manager.cpp in Sources */,
				287F4EA82470155D00640033 /* crc.cpp in Sources */,
				28CA81382477BA2100A27436 /* raw_directory.cpp in Sources */,
				28B22780248B7AD70074C4AE /* command.cpp in Sources */,
				28CA81472478EF4E00A27436 /* manager_c_bridge.cpp in Sources */,
				2878BDB02504769900CA3CA7 /* manager_objc_bridge.mm in Sources */,
				28CA8164247A454200A27436 /* set_time_command.cpp in Sources */,
				287F4EA72470155D00640033 /* packet.cpp in Sources */,
				28FAA8EA2473EAE90058CD70 /* burst.cpp in Sources */,
			);
			runOnlyForDeploymentPostprocessing = 0;
		};
/* End PBXSourcesBuildPhase section */

/* Begin PBXTargetDependency section */
		2878BDB62507966400CA3CA7 /* PBXTargetDependency */ = {
			isa = PBXTargetDependency;
			target = 287F4E99247014C900640033 /* viv */;
			targetProxy = 2878BDB52507966400CA3CA7 /* PBXContainerItemProxy */;
		};
/* End PBXTargetDependency section */

/* Begin XCBuildConfiguration section */
		2878BDAD25045C9300CA3CA7 /* Debug */ = {
			isa = XCBuildConfiguration;
			buildSettings = {
				CLANG_CXX_LANGUAGE_STANDARD = "gnu++14";
				CODE_SIGN_IDENTITY = "-";
				CODE_SIGN_STYLE = Automatic;
				GCC_OPTIMIZATION_LEVEL = 0;
				PRODUCT_NAME = "$(TARGET_NAME)";
				SWIFT_VERSION = 5.0;
			};
			name = Debug;
		};
		2878BDAE25045C9300CA3CA7 /* Release */ = {
			isa = XCBuildConfiguration;
			buildSettings = {
				CLANG_CXX_LANGUAGE_STANDARD = "gnu++14";
				CODE_SIGN_IDENTITY = "-";
				CODE_SIGN_STYLE = Automatic;
				PRODUCT_NAME = "$(TARGET_NAME)";
				SWIFT_VERSION = 5.0;
			};
			name = Release;
		};
		287F4E65246F965200640033 /* Debug */ = {
			isa = XCBuildConfiguration;
			buildSettings = {
				ALWAYS_SEARCH_USER_PATHS = NO;
				CLANG_ANALYZER_NONNULL = YES;
				CLANG_ANALYZER_NUMBER_OBJECT_CONVERSION = YES_AGGRESSIVE;
				CLANG_CXX_LANGUAGE_STANDARD = "gnu++17";
				CLANG_CXX_LIBRARY = "libc++";
				CLANG_ENABLE_MODULES = YES;
				CLANG_ENABLE_OBJC_ARC = YES;
				CLANG_ENABLE_OBJC_WEAK = YES;
				CLANG_WARN_BLOCK_CAPTURE_AUTORELEASING = YES;
				CLANG_WARN_BOOL_CONVERSION = YES;
				CLANG_WARN_COMMA = YES;
				CLANG_WARN_CONSTANT_CONVERSION = YES;
				CLANG_WARN_DEPRECATED_OBJC_IMPLEMENTATIONS = YES;
				CLANG_WARN_DIRECT_OBJC_ISA_USAGE = YES_ERROR;
				CLANG_WARN_DOCUMENTATION_COMMENTS = YES;
				CLANG_WARN_EMPTY_BODY = YES;
				CLANG_WARN_ENUM_CONVERSION = YES;
				CLANG_WARN_INFINITE_RECURSION = YES;
				CLANG_WARN_INT_CONVERSION = YES;
				CLANG_WARN_NON_LITERAL_NULL_CONVERSION = YES;
				CLANG_WARN_OBJC_IMPLICIT_RETAIN_SELF = YES;
				CLANG_WARN_OBJC_LITERAL_CONVERSION = YES;
				CLANG_WARN_OBJC_ROOT_CLASS = YES_ERROR;
				CLANG_WARN_RANGE_LOOP_ANALYSIS = YES;
				CLANG_WARN_STRICT_PROTOTYPES = YES;
				CLANG_WARN_SUSPICIOUS_MOVE = YES;
				CLANG_WARN_UNGUARDED_AVAILABILITY = YES_AGGRESSIVE;
				CLANG_WARN_UNREACHABLE_CODE = YES;
				CLANG_WARN__DUPLICATE_METHOD_MATCH = YES;
				COPY_PHASE_STRIP = NO;
				DEBUG_INFORMATION_FORMAT = dwarf;
				ENABLE_STRICT_OBJC_MSGSEND = YES;
				ENABLE_TESTABILITY = YES;
				GCC_C_LANGUAGE_STANDARD = gnu11;
				GCC_DYNAMIC_NO_PIC = NO;
				GCC_ENABLE_CPP_EXCEPTIONS = NO;
				GCC_ENABLE_CPP_RTTI = NO;
				GCC_NO_COMMON_BLOCKS = YES;
				GCC_OPTIMIZATION_LEVEL = 0;
				GCC_PREPROCESSOR_DEFINITIONS = (
					"DEBUG=1",
					"$(inherited)",
				);
				GCC_WARN_64_TO_32_BIT_CONVERSION = YES;
				GCC_WARN_ABOUT_RETURN_TYPE = YES_ERROR;
				GCC_WARN_UNDECLARED_SELECTOR = YES;
				GCC_WARN_UNINITIALIZED_AUTOS = YES_AGGRESSIVE;
				GCC_WARN_UNUSED_FUNCTION = YES;
				GCC_WARN_UNUSED_VARIABLE = YES;
				HEADER_SEARCH_PATHS = "$(PROJECT_DIR)";
				MACOSX_DEPLOYMENT_TARGET = 10.15;
				MTL_ENABLE_DEBUG_INFO = INCLUDE_SOURCE;
				MTL_FAST_MATH = YES;
				ONLY_ACTIVE_ARCH = YES;
				SDKROOT = macosx;
				SWIFT_ACTIVE_COMPILATION_CONDITIONS = DEBUG;
				SWIFT_OBJC_BRIDGING_HEADER = "$(TARGET_NAME)/$(TARGET_NAME)-Bridging-Header.h";
				SWIFT_OPTIMIZATION_LEVEL = "-Onone";
				SWIFT_TREAT_WARNINGS_AS_ERRORS = NO;
				SWIFT_VERSION = 5.0;
				WARNING_CFLAGS = (
					"-Wall",
					"-Wdocumentation",
				);
			};
			name = Debug;
		};
		287F4E66246F965200640033 /* Release */ = {
			isa = XCBuildConfiguration;
			buildSettings = {
				ALWAYS_SEARCH_USER_PATHS = NO;
				CLANG_ANALYZER_NONNULL = YES;
				CLANG_ANALYZER_NUMBER_OBJECT_CONVERSION = YES_AGGRESSIVE;
				CLANG_CXX_LANGUAGE_STANDARD = "gnu++17";
				CLANG_CXX_LIBRARY = "libc++";
				CLANG_ENABLE_MODULES = YES;
				CLANG_ENABLE_OBJC_ARC = YES;
				CLANG_ENABLE_OBJC_WEAK = YES;
				CLANG_WARN_BLOCK_CAPTURE_AUTORELEASING = YES;
				CLANG_WARN_BOOL_CONVERSION = YES;
				CLANG_WARN_COMMA = YES;
				CLANG_WARN_CONSTANT_CONVERSION = YES;
				CLANG_WARN_DEPRECATED_OBJC_IMPLEMENTATIONS = YES;
				CLANG_WARN_DIRECT_OBJC_ISA_USAGE = YES_ERROR;
				CLANG_WARN_DOCUMENTATION_COMMENTS = YES;
				CLANG_WARN_EMPTY_BODY = YES;
				CLANG_WARN_ENUM_CONVERSION = YES;
				CLANG_WARN_INFINITE_RECURSION = YES;
				CLANG_WARN_INT_CONVERSION = YES;
				CLANG_WARN_NON_LITERAL_NULL_CONVERSION = YES;
				CLANG_WARN_OBJC_IMPLICIT_RETAIN_SELF = YES;
				CLANG_WARN_OBJC_LITERAL_CONVERSION = YES;
				CLANG_WARN_OBJC_ROOT_CLASS = YES_ERROR;
				CLANG_WARN_RANGE_LOOP_ANALYSIS = YES;
				CLANG_WARN_STRICT_PROTOTYPES = YES;
				CLANG_WARN_SUSPICIOUS_MOVE = YES;
				CLANG_WARN_UNGUARDED_AVAILABILITY = YES_AGGRESSIVE;
				CLANG_WARN_UNREACHABLE_CODE = YES;
				CLANG_WARN__DUPLICATE_METHOD_MATCH = YES;
				COPY_PHASE_STRIP = NO;
				DEBUG_INFORMATION_FORMAT = "dwarf-with-dsym";
				ENABLE_NS_ASSERTIONS = NO;
				ENABLE_STRICT_OBJC_MSGSEND = YES;
				GCC_C_LANGUAGE_STANDARD = gnu11;
				GCC_ENABLE_CPP_EXCEPTIONS = NO;
				GCC_ENABLE_CPP_RTTI = NO;
				GCC_NO_COMMON_BLOCKS = YES;
				GCC_OPTIMIZATION_LEVEL = fast;
				GCC_PREPROCESSOR_DEFINITIONS = (
					NDEBUG,
					"DEBUG=0",
				);
				GCC_UNROLL_LOOPS = YES;
				GCC_WARN_64_TO_32_BIT_CONVERSION = YES;
				GCC_WARN_ABOUT_RETURN_TYPE = YES_ERROR;
				GCC_WARN_UNDECLARED_SELECTOR = YES;
				GCC_WARN_UNINITIALIZED_AUTOS = YES_AGGRESSIVE;
				GCC_WARN_UNUSED_FUNCTION = YES;
				GCC_WARN_UNUSED_VARIABLE = YES;
				HEADER_SEARCH_PATHS = "$(PROJECT_DIR)";
				MACOSX_DEPLOYMENT_TARGET = 10.15;
				MTL_ENABLE_DEBUG_INFO = NO;
				MTL_FAST_MATH = YES;
				SDKROOT = macosx;
				SWIFT_COMPILATION_MODE = wholemodule;
				SWIFT_OBJC_BRIDGING_HEADER = "$(TARGET_NAME)/$(TARGET_NAME)-Bridging-Header.h";
				SWIFT_OPTIMIZATION_LEVEL = "-O";
				SWIFT_TREAT_WARNINGS_AS_ERRORS = YES;
				SWIFT_VERSION = 5.0;
				WARNING_CFLAGS = (
					"-Wall",
					"-Wdocumentation",
				);
			};
			name = Release;
		};
		287F4E93246FEB1500640033 /* Debug */ = {
			isa = XCBuildConfiguration;
			buildSettings = {
				CODE_SIGN_STYLE = Automatic;
				COMBINE_HIDPI_IMAGES = YES;
				LD_RUNPATH_SEARCH_PATHS = (
					"$(inherited)",
					"@executable_path/../Frameworks",
					"@loader_path/../Frameworks",
				);
				PRODUCT_BUNDLE_IDENTIFIER = au.id.scarff.vivTests;
				PRODUCT_NAME = "$(TARGET_NAME)";
				SWIFT_OBJC_BRIDGING_HEADER = "viv/tests/vivTests-Bridging-Header.h";
			};
			name = Debug;
		};
		287F4E94246FEB1500640033 /* Release */ = {
			isa = XCBuildConfiguration;
			buildSettings = {
				CODE_SIGN_STYLE = Automatic;
				COMBINE_HIDPI_IMAGES = YES;
				LD_RUNPATH_SEARCH_PATHS = (
					"$(inherited)",
					"@executable_path/../Frameworks",
					"@loader_path/../Frameworks",
				);
				PRODUCT_BUNDLE_IDENTIFIER = au.id.scarff.vivTests;
				PRODUCT_NAME = "$(TARGET_NAME)";
				SWIFT_DISABLE_SAFETY_CHECKS = YES;
				SWIFT_OBJC_BRIDGING_HEADER = "viv/tests/vivTests-Bridging-Header.h";
			};
			name = Release;
		};
		287F4EA3247014C900640033 /* Debug */ = {
			isa = XCBuildConfiguration;
			buildSettings = {
				CLANG_UNDEFINED_BEHAVIOR_SANITIZER_NULLABILITY = YES;
				EXECUTABLE_PREFIX = lib;
				PRODUCT_NAME = "$(TARGET_NAME)";
				SKIP_INSTALL = YES;
			};
			name = Debug;
		};
		287F4EA4247014C900640033 /* Release */ = {
			isa = XCBuildConfiguration;
			buildSettings = {
				EXECUTABLE_PREFIX = lib;
				PRODUCT_NAME = "$(TARGET_NAME)";
				SKIP_INSTALL = YES;
			};
			name = Release;
		};
/* End XCBuildConfiguration section */

/* Begin XCConfigurationList section */
		2878BDAC25045C9300CA3CA7 /* Build configuration list for PBXNativeTarget "vivtool" */ = {
			isa = XCConfigurationList;
			buildConfigurations = (
				2878BDAD25045C9300CA3CA7 /* Debug */,
				2878BDAE25045C9300CA3CA7 /* Release */,
			);
			defaultConfigurationIsVisible = 0;
			defaultConfigurationName = Release;
		};
		287F4E39246F964B00640033 /* Build configuration list for PBXProject "vivian" */ = {
			isa = XCConfigurationList;
			buildConfigurations = (
				287F4E65246F965200640033 /* Debug */,
				287F4E66246F965200640033 /* Release */,
			);
			defaultConfigurationIsVisible = 0;
			defaultConfigurationName = Release;
		};
		287F4E92246FEB1500640033 /* Build configuration list for PBXNativeTarget "vivTests" */ = {
			isa = XCConfigurationList;
			buildConfigurations = (
				287F4E93246FEB1500640033 /* Debug */,
				287F4E94246FEB1500640033 /* Release */,
			);
			defaultConfigurationIsVisible = 0;
			defaultConfigurationName = Release;
		};
		287F4EA2247014C900640033 /* Build configuration list for PBXNativeTarget "viv" */ = {
			isa = XCConfigurationList;
			buildConfigurations = (
				287F4EA3247014C900640033 /* Debug */,
				287F4EA4247014C900640033 /* Release */,
			);
			defaultConfigurationIsVisible = 0;
			defaultConfigurationName = Release;
		};
/* End XCConfigurationList section */

/* Begin XCRemoteSwiftPackageReference section */
		2878BDC42507B0B500CA3CA7 /* XCRemoteSwiftPackageReference "swift-argument-parser" */ = {
			isa = XCRemoteSwiftPackageReference;
			repositoryURL = "https://github.com/apple/swift-argument-parser";
			requirement = {
				kind = upToNextMajorVersion;
				minimumVersion = 0.3.1;
			};
		};
/* End XCRemoteSwiftPackageReference section */

/* Begin XCSwiftPackageProductDependency section */
		2878BDC52507B0B500CA3CA7 /* ArgumentParser */ = {
			isa = XCSwiftPackageProductDependency;
			package = 2878BDC42507B0B500CA3CA7 /* XCRemoteSwiftPackageReference "swift-argument-parser" */;
			productName = ArgumentParser;
		};
/* End XCSwiftPackageProductDependency section */
	};
	rootObject = 287F4E36246F964B00640033 /* Project object */;
}
